// !$*UTF8*$!
{
	archiveVersion = 1;
	classes = {
	};
	objectVersion = 46;
	objects = {

/* Begin PBXBuildFile section */
		92FD91BB1AE68BF700918B0C /* AppDelegate.swift in Sources */ = {isa = PBXBuildFile; fileRef = 92FD91BA1AE68BF700918B0C /* AppDelegate.swift */; };
		92FD91BD1AE68BF700918B0C /* ViewController.swift in Sources */ = {isa = PBXBuildFile; fileRef = 92FD91BC1AE68BF700918B0C /* ViewController.swift */; };
		92FD91C01AE68BF700918B0C /* Main.storyboard in Resources */ = {isa = PBXBuildFile; fileRef = 92FD91BE1AE68BF700918B0C /* Main.storyboard */; };
		92FD91C21AE68BF700918B0C /* Images.xcassets in Resources */ = {isa = PBXBuildFile; fileRef = 92FD91C11AE68BF700918B0C /* Images.xcassets */; };
		92FD91C51AE68BF700918B0C /* LaunchScreen.xib in Resources */ = {isa = PBXBuildFile; fileRef = 92FD91C31AE68BF700918B0C /* LaunchScreen.xib */; };
		92FD91D11AE68BF700918B0C /* Map_KitTests.swift in Sources */ = {isa = PBXBuildFile; fileRef = 92FD91D01AE68BF700918B0C /* Map_KitTests.swift */; };
/* End PBXBuildFile section */

/* Begin PBXContainerItemProxy section */
		92FD91CB1AE68BF700918B0C /* PBXContainerItemProxy */ = {
			isa = PBXContainerItemProxy;
			containerPortal = 92FD91AD1AE68BF700918B0C /* Project object */;
			proxyType = 1;
			remoteGlobalIDString = 92FD91B41AE68BF700918B0C;
			remoteInfo = "Map Kit";
		};
/* End PBXContainerItemProxy section */

/* Begin PBXFileReference section */
		92FD91B51AE68BF700918B0C /* Map Kit.app */ = {isa = PBXFileReference; explicitFileType = wrapper.application; includeInIndex = 0; path = "Map Kit.app"; sourceTree = BUILT_PRODUCTS_DIR; };
		92FD91B91AE68BF700918B0C /* Info.plist */ = {isa = PBXFileReference; lastKnownFileType = text.plist.xml; path = Info.plist; sourceTree = "<group>"; };
		92FD91BA1AE68BF700918B0C /* AppDelegate.swift */ = {isa = PBXFileReference; lastKnownFileType = sourcecode.swift; path = AppDelegate.swift; sourceTree = "<group>"; };
		92FD91BC1AE68BF700918B0C /* ViewController.swift */ = {isa = PBXFileReference; lastKnownFileType = sourcecode.swift; path = ViewController.swift; sourceTree = "<group>"; };
		92FD91BF1AE68BF700918B0C /* Base */ = {isa = PBXFileReference; lastKnownFileType = file.storyboard; name = Base; path = Base.lproj/Main.storyboard; sourceTree = "<group>"; };
		92FD91C11AE68BF700918B0C /* Images.xcassets */ = {isa = PBXFileReference; lastKnownFileType = folder.assetcatalog; path = Images.xcassets; sourceTree = "<group>"; };
		92FD91C41AE68BF700918B0C /* Base */ = {isa = PBXFileReference; lastKnownFileType = file.xib; name = Base; path = Base.lproj/LaunchScreen.xib; sourceTree = "<group>"; };
		92FD91CA1AE68BF700918B0C /* Map KitTests.xctest */ = {isa = PBXFileReference; explicitFileType = wrapper.cfbundle; includeInIndex = 0; path = "Map KitTests.xctest"; sourceTree = BUILT_PRODUCTS_DIR; };
		92FD91CF1AE68BF700918B0C /* Info.plist */ = {isa = PBXFileReference; lastKnownFileType = text.plist.xml; path = Info.plist; sourceTree = "<group>"; };
		92FD91D01AE68BF700918B0C /* Map_KitTests.swift */ = {isa = PBXFileReference; lastKnownFileType = sourcecode.swift; path = Map_KitTests.swift; sourceTree = "<group>"; };
/* End PBXFileReference section */

/* Begin PBXFrameworksBuildPhase section */
		92FD91B21AE68BF700918B0C /* Frameworks */ = {
			isa = PBXFrameworksBuildPhase;
			buildActionMask = 2147483647;
			files = (
			);
			runOnlyForDeploymentPostprocessing = 0;
		};
		92FD91C71AE68BF700918B0C /* Frameworks */ = {
			isa = PBXFrameworksBuildPhase;
			buildActionMask = 2147483647;
			files = (
			);
			runOnlyForDeploymentPostprocessing = 0;
		};
/* End PBXFrameworksBuildPhase section */

/* Begin PBXGroup section */
		92FD91AC1AE68BF700918B0C = {
			isa = PBXGroup;
			children = (
				92FD91B71AE68BF700918B0C /* Map Kit */,
				92FD91CD1AE68BF700918B0C /* Map KitTests */,
				92FD91B61AE68BF700918B0C /* Products */,
			);
			sourceTree = "<group>";
		};
		92FD91B61AE68BF700918B0C /* Products */ = {
			isa = PBXGroup;
			children = (
				92FD91B51AE68BF700918B0C /* Map Kit.app */,
				92FD91CA1AE68BF700918B0C /* Map KitTests.xctest */,
			);
			name = Products;
			sourceTree = "<group>";
		};
		92FD91B71AE68BF700918B0C /* Map Kit */ = {
			isa = PBXGroup;
			children = (
				92FD91BA1AE68BF700918B0C /* AppDelegate.swift */,
				92FD91BC1AE68BF700918B0C /* ViewController.swift */,
				92FD91BE1AE68BF700918B0C /* Main.storyboard */,
				92FD91C11AE68BF700918B0C /* Images.xcassets */,
				92FD91C31AE68BF700918B0C /* LaunchScreen.xib */,
				92FD91B81AE68BF700918B0C /* Supporting Files */,
			);
			path = "Map Kit";
			sourceTree = "<group>";
		};
		92FD91B81AE68BF700918B0C /* Supporting Files */ = {
			isa = PBXGroup;
			children = (
				92FD91B91AE68BF700918B0C /* Info.plist */,
			);
			name = "Supporting Files";
			sourceTree = "<group>";
		};
		92FD91CD1AE68BF700918B0C /* Map KitTests */ = {
			isa = PBXGroup;
			children = (
				92FD91D01AE68BF700918B0C /* Map_KitTests.swift */,
				92FD91CE1AE68BF700918B0C /* Supporting Files */,
			);
			path = "Map KitTests";
			sourceTree = "<group>";
		};
		92FD91CE1AE68BF700918B0C /* Supporting Files */ = {
			isa = PBXGroup;
			children = (
				92FD91CF1AE68BF700918B0C /* Info.plist */,
			);
			name = "Supporting Files";
			sourceTree = "<group>";
		};
/* End PBXGroup section */

/* Begin PBXNativeTarget section */
		92FD91B41AE68BF700918B0C /* Map Kit */ = {
			isa = PBXNativeTarget;
			buildConfigurationList = 92FD91D41AE68BF700918B0C /* Build configuration list for PBXNativeTarget "Map Kit" */;
			buildPhases = (
				92FD91B11AE68BF700918B0C /* Sources */,
				92FD91B21AE68BF700918B0C /* Frameworks */,
				92FD91B31AE68BF700918B0C /* Resources */,
			);
			buildRules = (
			);
			dependencies = (
			);
			name = "Map Kit";
			productName = "Map Kit";
			productReference = 92FD91B51AE68BF700918B0C /* Map Kit.app */;
			productType = "com.apple.product-type.application";
		};
		92FD91C91AE68BF700918B0C /* Map KitTests */ = {
			isa = PBXNativeTarget;
			buildConfigurationList = 92FD91D71AE68BF700918B0C /* Build configuration list for PBXNativeTarget "Map KitTests" */;
			buildPhases = (
				92FD91C61AE68BF700918B0C /* Sources */,
				92FD91C71AE68BF700918B0C /* Frameworks */,
				92FD91C81AE68BF700918B0C /* Resources */,
			);
			buildRules = (
			);
			dependencies = (
				92FD91CC1AE68BF700918B0C /* PBXTargetDependency */,
			);
			name = "Map KitTests";
			productName = "Map KitTests";
			productReference = 92FD91CA1AE68BF700918B0C /* Map KitTests.xctest */;
			productType = "com.apple.product-type.bundle.unit-test";
		};
/* End PBXNativeTarget section */

/* Begin PBXProject section */
		92FD91AD1AE68BF700918B0C /* Project object */ = {
			isa = PBXProject;
			attributes = {
				LastUpgradeCheck = 0630;
				ORGANIZATIONNAME = "Denis Aleksandrov";
				TargetAttributes = {
					92FD91B41AE68BF700918B0C = {
						CreatedOnToolsVersion = 6.3;
					};
					92FD91C91AE68BF700918B0C = {
						CreatedOnToolsVersion = 6.3;
						TestTargetID = 92FD91B41AE68BF700918B0C;
					};
				};
			};
			buildConfigurationList = 92FD91B01AE68BF700918B0C /* Build configuration list for PBXProject "Map Kit" */;
			compatibilityVersion = "Xcode 3.2";
			developmentRegion = English;
			hasScannedForEncodings = 0;
			knownRegions = (
				en,
				Base,
			);
			mainGroup = 92FD91AC1AE68BF700918B0C;
			productRefGroup = 92FD91B61AE68BF700918B0C /* Products */;
			projectDirPath = "";
			projectRoot = "";
			targets = (
				92FD91B41AE68BF700918B0C /* Map Kit */,
				92FD91C91AE68BF700918B0C /* Map KitTests */,
			);
		};
/* End PBXProject section */

/* Begin PBXResourcesBuildPhase section */
		92FD91B31AE68BF700918B0C /* Resources */ = {
			isa = PBXResourcesBuildPhase;
			buildActionMask = 2147483647;
			files = (
				92FD91C01AE68BF700918B0C /* Main.storyboard in Resources */,
				92FD91C51AE68BF700918B0C /* LaunchScreen.xib in Resources */,
				92FD91C21AE68BF700918B0C /* Images.xcassets in Resources */,
			);
			runOnlyForDeploymentPostprocessing = 0;
		};
		92FD91C81AE68BF700918B0C /* Resources */ = {
			isa = PBXResourcesBuildPhase;
			buildActionMask = 2147483647;
			files = (
			);
			runOnlyForDeploymentPostprocessing = 0;
		};
/* End PBXResourcesBuildPhase section */

/* Begin PBXSourcesBuildPhase section */
		92FD91B11AE68BF700918B0C /* Sources */ = {
			isa = PBXSourcesBuildPhase;
			buildActionMask = 2147483647;
			files = (
				92FD91BD1AE68BF700918B0C /* ViewController.swift in Sources */,
				92FD91BB1AE68BF700918B0C /* AppDelegate.swift in Sources */,
			);
			runOnlyForDeploymentPostprocessing = 0;
		};
		92FD91C61AE68BF700918B0C /* Sources */ = {
			isa = PBXSourcesBuildPhase;
			buildActionMask = 2147483647;
			files = (
				92FD91D11AE68BF700918B0C /* Map_KitTests.swift in Sources */,
			);
			runOnlyForDeploymentPostprocessing = 0;
		};
/* End PBXSourcesBuildPhase section */

/* Begin PBXTargetDependency section */
		92FD91CC1AE68BF700918B0C /* PBXTargetDependency */ = {
			isa = PBXTargetDependency;
			target = 92FD91B41AE68BF700918B0C /* Map Kit */;
			targetProxy = 92FD91CB1AE68BF700918B0C /* PBXContainerItemProxy */;
		};
/* End PBXTargetDependency section */

/* Begin PBXVariantGroup section */
		92FD91BE1AE68BF700918B0C /* Main.storyboard */ = {
			isa = PBXVariantGroup;
			children = (
				92FD91BF1AE68BF700918B0C /* Base */,
			);
			name = Main.storyboard;
			sourceTree = "<group>";
		};
		92FD91C31AE68BF700918B0C /* LaunchScreen.xib */ = {
			isa = PBXVariantGroup;
			children = (
				92FD91C41AE68BF700918B0C /* Base */,
			);
			name = LaunchScreen.xib;
			sourceTree = "<group>";
		};
/* End PBXVariantGroup section */

/* Begin XCBuildConfiguration section */
		92FD91D21AE68BF700918B0C /* Debug */ = {
			isa = XCBuildConfiguration;
			buildSettings = {
				ALWAYS_SEARCH_USER_PATHS = NO;
				CLANG_CXX_LANGUAGE_STANDARD = "gnu++0x";
				CLANG_CXX_LIBRARY = "libc++";
				CLANG_ENABLE_MODULES = YES;
				CLANG_ENABLE_OBJC_ARC = YES;
				CLANG_WARN_BOOL_CONVERSION = YES;
				CLANG_WARN_CONSTANT_CONVERSION = YES;
				CLANG_WARN_DIRECT_OBJC_ISA_USAGE = YES_ERROR;
				CLANG_WARN_EMPTY_BODY = YES;
				CLANG_WARN_ENUM_CONVERSION = YES;
				CLANG_WARN_INT_CONVERSION = YES;
				CLANG_WARN_OBJC_ROOT_CLASS = YES_ERROR;
				CLANG_WARN_UNREACHABLE_CODE = YES;
				CLANG_WARN__DUPLICATE_METHOD_MATCH = YES;
				"CODE_SIGN_IDENTITY[sdk=iphoneos*]" = "iPhone Developer";
				COPY_PHASE_STRIP = NO;
				DEBUG_INFORMATION_FORMAT = "dwarf-with-dsym";
				ENABLE_STRICT_OBJC_MSGSEND = YES;
				GCC_C_LANGUAGE_STANDARD = gnu99;
				GCC_DYNAMIC_NO_PIC = NO;
				GCC_NO_COMMON_BLOCKS = YES;
				GCC_OPTIMIZATION_LEVEL = 0;
				GCC_PREPROCESSOR_DEFINITIONS = (
					"DEBUG=1",
					"$(inherited)",
				);
				GCC_SYMBOLS_PRIVATE_EXTERN = NO;
				GCC_WARN_64_TO_32_BIT_CONVERSION = YES;
				GCC_WARN_ABOUT_RETURN_TYPE = YES_ERROR;
				GCC_WARN_UNDECLARED_SELECTOR = YES;
				GCC_WARN_UNINITIALIZED_AUTOS = YES_AGGRESSIVE;
				GCC_WARN_UNUSED_FUNCTION = YES;
				GCC_WARN_UNUSED_VARIABLE = YES;
				IPHONEOS_DEPLOYMENT_TARGET = 8.3;
				MTL_ENABLE_DEBUG_INFO = YES;
				ONLY_ACTIVE_ARCH = YES;
				SDKROOT = iphoneos;
				SWIFT_OPTIMIZATION_LEVEL = "-Onone";
			};
			name = Debug;
		};
		92FD91D31AE68BF700918B0C /* Release */ = {
			isa = XCBuildConfiguration;
			buildSettings = {
				ALWAYS_SEARCH_USER_PATHS = NO;
				CLANG_CXX_LANGUAGE_STANDARD = "gnu++0x";
				CLANG_CXX_LIBRARY = "libc++";
				CLANG_ENABLE_MODULES = YES;
				CLANG_ENABLE_OBJC_ARC = YES;
				CLANG_WARN_BOOL_CONVERSION = YES;
				CLANG_WARN_CONSTANT_CONVERSION = YES;
				CLANG_WARN_DIRECT_OBJC_ISA_USAGE = YES_ERROR;
				CLANG_WARN_EMPTY_BODY = YES;
				CLANG_WARN_ENUM_CONVERSION = YES;
				CLANG_WARN_INT_CONVERSION = YES;
				CLANG_WARN_OBJC_ROOT_CLASS = YES_ERROR;
				CLANG_WARN_UNREACHABLE_CODE = YES;
				CLANG_WARN__DUPLICATE_METHOD_MATCH = YES;
				"CODE_SIGN_IDENTITY[sdk=iphoneos*]" = "iPhone Developer";
				COPY_PHASE_STRIP = NO;
				DEBUG_INFORMATION_FORMAT = "dwarf-with-dsym";
				ENABLE_NS_ASSERTIONS = NO;
				ENABLE_STRICT_OBJC_MSGSEND = YES;
				GCC_C_LANGUAGE_STANDARD = gnu99;
				GCC_NO_COMMON_BLOCKS = YES;
				GCC_WARN_64_TO_32_BIT_CONVERSION = YES;
				GCC_WARN_ABOUT_RETURN_TYPE = YES_ERROR;
				GCC_WARN_UNDECLARED_SELECTOR = YES;
				GCC_WARN_UNINITIALIZED_AUTOS = YES_AGGRESSIVE;
				GCC_WARN_UNUSED_FUNCTION = YES;
				GCC_WARN_UNUSED_VARIABLE = YES;
				IPHONEOS_DEPLOYMENT_TARGET = 8.3;
				MTL_ENABLE_DEBUG_INFO = NO;
				SDKROOT = iphoneos;
				VALIDATE_PRODUCT = YES;
			};
			name = Release;
		};
		92FD91D51AE68BF700918B0C /* Debug */ = {
			isa = XCBuildConfiguration;
			buildSettings = {
				ASSETCATALOG_COMPILER_APPICON_NAME = AppIcon;
				INFOPLIST_FILE = "Map Kit/Info.plist";
				LD_RUNPATH_SEARCH_PATHS = "$(inherited) @executable_path/Frameworks";
				PRODUCT_NAME = "$(TARGET_NAME)";
			};
			name = Debug;
		};
		92FD91D61AE68BF700918B0C /* Release */ = {
			isa = XCBuildConfiguration;
			buildSettings = {
				ASSETCATALOG_COMPILER_APPICON_NAME = AppIcon;
				INFOPLIST_FILE = "Map Kit/Info.plist";
				LD_RUNPATH_SEARCH_PATHS = "$(inherited) @executable_path/Frameworks";
				PRODUCT_NAME = "$(TARGET_NAME)";
			};
			name = Release;
		};
		92FD91D81AE68BF700918B0C /* Debug */ = {
			isa = XCBuildConfiguration;
			buildSettings = {
				BUNDLE_LOADER = "$(TEST_HOST)";
				FRAMEWORK_SEARCH_PATHS = (
					"$(SDKROOT)/Developer/Library/Frameworks",
					"$(inherited)",
				);
				GCC_PREPROCESSOR_DEFINITIONS = (
					"DEBUG=1",
					"$(inherited)",
				);
				INFOPLIST_FILE = "Map KitTests/Info.plist";
				LD_RUNPATH_SEARCH_PATHS = "$(inherited) @executable_path/Frameworks @loader_path/Frameworks";
				PRODUCT_NAME = "$(TARGET_NAME)";
				TEST_HOST = "$(BUILT_PRODUCTS_DIR)/Map Kit.app/Map Kit";
			};
			name = Debug;
		};
		92FD91D91AE68BF700918B0C /* Release */ = {
			isa = XCBuildConfiguration;
			buildSettings = {
				BUNDLE_LOADER = "$(TEST_HOST)";
				FRAMEWORK_SEARCH_PATHS = (
					"$(SDKROOT)/Developer/Library/Frameworks",
					"$(inherited)",
				);
				INFOPLIST_FILE = "Map KitTests/Info.plist";
				LD_RUNPATH_SEARCH_PATHS = "$(inherited) @executable_path/Frameworks @loader_path/Frameworks";
				PRODUCT_NAME = "$(TARGET_NAME)";
				TEST_HOST = "$(BUILT_PRODUCTS_DIR)/Map Kit.app/Map Kit";
			};
			name = Release;
		};
/* End XCBuildConfiguration section */

/* Begin XCConfigurationList section */
		92FD91B01AE68BF700918B0C /* Build configuration list for PBXProject "Map Kit" */ = {
			isa = XCConfigurationList;
			buildConfigurations = (
				92FD91D21AE68BF700918B0C /* Debug */,
				92FD91D31AE68BF700918B0C /* Release */,
			);
			defaultConfigurationIsVisible = 0;
			defaultConfigurationName = Release;
		};
		92FD91D41AE68BF700918B0C /* Build configuration list for PBXNativeTarget "Map Kit" */ = {
			isa = XCConfigurationList;
			buildConfigurations = (
				92FD91D51AE68BF700918B0C /* Debug */,
				92FD91D61AE68BF700918B0C /* Release */,
			);
			defaultConfigurationIsVisible = 0;
		};
		92FD91D71AE68BF700918B0C /* Build configuration list for PBXNativeTarget "Map KitTests" */ = {
			isa = XCConfigurationList;
			buildConfigurations = (
				92FD91D81AE68BF700918B0C /* Debug */,
				92FD91D91AE68BF700918B0C /* Release */,
			);
			defaultConfigurationIsVisible = 0;
		};
/* End XCConfigurationList section */
	};
	rootObject = 92FD91AD1AE68BF700918B0C /* Project object */;
}
